
Microsoft Visual Studio Solution File, Format Version 11.00
# Visual Studio 2010
Project("{FAE04EC0-301F-11D3-BF4B-00C04F79EFBC}") = "Design", "Design\Design.csproj", "{83DFC258-533B-4525-935D-CA181AEA948A}"
EndProject
Project("{54435603-DBB4-11D2-8724-00A0C9A8B90C}") = "NewDesign", "NewDesign\NewDesign.vdproj", "{FDCB71AD-E2DF-4C38-9894-DCD82245B228}"
EndProject
Global
	GlobalSection(SolutionConfigurationPlatforms) = preSolution
		Debug|x86 = Debug|x86
		Release|x86 = Release|x86
	EndGlobalSection
	GlobalSection(ProjectConfigurationPlatforms) = postSolution
		{83DFC258-533B-4525-935D-CA181AEA948A}.Debug|x86.ActiveCfg = Debug|x86
		{83DFC258-533B-4525-935D-CA181AEA948A}.Debug|x86.Build.0 = Debug|x86
		{83DFC258-533B-4525-935D-CA181AEA948A}.Release|x86.ActiveCfg = Release|x86
		{83DFC258-533B-4525-935D-CA181AEA948A}.Release|x86.Build.0 = Release|x86
		{FDCB71AD-E2DF-4C38-9894-DCD82245B228}.Debug|x86.ActiveCfg = Debug
		{FDCB71AD-E2DF-4C38-9894-DCD82245B228}.Release|x86.ActiveCfg = Release
	EndGlobalSection
	GlobalSection(SolutionProperties) = preSolution
		HideSolutionNode = FALSE
	EndGlobalSection
EndGlobal
